
Microsoft Visual Studio Solution File, Format Version 11.00
# Visual Studio 2010
Project("{FAE04EC0-301F-11D3-BF4B-00C04F79EFBC}") = "Assembly-CSharp", "Assembly-CSharp.csproj", "{0742fb9e-3f7c-fa36-917c-76c19e6eebde}"
EndProject
Project("{FAE04EC0-301F-11D3-BF4B-00C04F79EFBC}") = "Assembly-CSharp-firstpass", "Assembly-CSharp-firstpass.csproj", "{4d2a72d0-9e33-898c-b3b7-5c314c2c81da}"
EndProject
Global
	GlobalSection(SolutionConfigurationPlatforms) = preSolution
		Debug|Any CPU = Debug|Any CPU
	EndGlobalSection
	GlobalSection(ProjectConfigurationPlatforms) = postSolution
		{0742fb9e-3f7c-fa36-917c-76c19e6eebde}.Debug|Any CPU.ActiveCfg = Debug|Any CPU
		{0742fb9e-3f7c-fa36-917c-76c19e6eebde}.Debug|Any CPU.Build.0 = Debug|Any CPU
		{4d2a72d0-9e33-898c-b3b7-5c314c2c81da}.Debug|Any CPU.ActiveCfg = Debug|Any CPU
		{4d2a72d0-9e33-898c-b3b7-5c314c2c81da}.Debug|Any CPU.Build.0 = Debug|Any CPU
	EndGlobalSection
	GlobalSection(SolutionProperties) = preSolution
		HideSolutionNode = FALSE
	EndGlobalSection
EndGlobal
